// !$*UTF8*$!
{
	archiveVersion = 1;
	classes = {
	};
	objectVersion = 46;
	objects = {

/* Begin PBXBuildFile section */
		454D979A779C12F462571951 /* Pods_InstagramApp.framework in Frameworks */ = {isa = PBXBuildFile; fileRef = 863789D0C1689BC59555EB30 /* Pods_InstagramApp.framework */; };
		93ACF81F1E75D44800B901CE /* AppDelegate.swift in Sources */ = {isa = PBXBuildFile; fileRef = 93ACF81E1E75D44800B901CE /* AppDelegate.swift */; };
		93ACF8261E75D44800B901CE /* Main.storyboard in Resources */ = {isa = PBXBuildFile; fileRef = 93ACF8241E75D44800B901CE /* Main.storyboard */; };
		93ACF8281E75D44800B901CE /* Assets.xcassets in Resources */ = {isa = PBXBuildFile; fileRef = 93ACF8271E75D44800B901CE /* Assets.xcassets */; };
		93ACF82B1E75D44800B901CE /* LaunchScreen.storyboard in Resources */ = {isa = PBXBuildFile; fileRef = 93ACF8291E75D44800B901CE /* LaunchScreen.storyboard */; };
		93ACF8361E75D44800B901CE /* InstagramAppTests.swift in Sources */ = {isa = PBXBuildFile; fileRef = 93ACF8351E75D44800B901CE /* InstagramAppTests.swift */; };
		93ACF8411E75D44800B901CE /* InstagramAppUITests.swift in Sources */ = {isa = PBXBuildFile; fileRef = 93ACF8401E75D44800B901CE /* InstagramAppUITests.swift */; };
		93ACF8501E75D90600B901CE /* LoginViewController.swift in Sources */ = {isa = PBXBuildFile; fileRef = 93ACF84F1E75D90600B901CE /* LoginViewController.swift */; };
		93ACF8521E75DC8400B901CE /* HomeViewController.swift in Sources */ = {isa = PBXBuildFile; fileRef = 93ACF8511E75DC8400B901CE /* HomeViewController.swift */; };
		93ACF8541E75DC9000B901CE /* CaptureViewController.swift in Sources */ = {isa = PBXBuildFile; fileRef = 93ACF8531E75DC9000B901CE /* CaptureViewController.swift */; };
		93ACF8561E75DC9F00B901CE /* ProfileViewController.swift in Sources */ = {isa = PBXBuildFile; fileRef = 93ACF8551E75DC9F00B901CE /* ProfileViewController.swift */; };
		93ACF8581E75E23400B901CE /* UserPost.swift in Sources */ = {isa = PBXBuildFile; fileRef = 93ACF8571E75E23400B901CE /* UserPost.swift */; };
		93ACF85A1E75E96800B901CE /* PhotoCell.swift in Sources */ = {isa = PBXBuildFile; fileRef = 93ACF8591E75E96800B901CE /* PhotoCell.swift */; };
		AECC70B0558213FA4D3CEACC /* Pods_InstagramAppTests.framework in Frameworks */ = {isa = PBXBuildFile; fileRef = FC1AB3E22FBC3BAC19265866 /* Pods_InstagramAppTests.framework */; };
		E2275118914EE499A4394137 /* Pods_InstagramAppUITests.framework in Frameworks */ = {isa = PBXBuildFile; fileRef = 369DAA9C4A837B03D8AF156B /* Pods_InstagramAppUITests.framework */; };
/* End PBXBuildFile section */

/* Begin PBXContainerItemProxy section */
		93ACF8321E75D44800B901CE /* PBXContainerItemProxy */ = {
			isa = PBXContainerItemProxy;
			containerPortal = 93ACF8131E75D44800B901CE /* Project object */;
			proxyType = 1;
			remoteGlobalIDString = 93ACF81A1E75D44800B901CE;
			remoteInfo = InstagramApp;
		};
		93ACF83D1E75D44800B901CE /* PBXContainerItemProxy */ = {
			isa = PBXContainerItemProxy;
			containerPortal = 93ACF8131E75D44800B901CE /* Project object */;
			proxyType = 1;
			remoteGlobalIDString = 93ACF81A1E75D44800B901CE;
			remoteInfo = InstagramApp;
		};
/* End PBXContainerItemProxy section */

/* Begin PBXFileReference section */
		060AAB4723B3F48326F15370 /* Pods-InstagramApp.release.xcconfig */ = {isa = PBXFileReference; includeInIndex = 1; lastKnownFileType = text.xcconfig; name = "Pods-InstagramApp.release.xcconfig"; path = "Pods/Target Support Files/Pods-InstagramApp/Pods-InstagramApp.release.xcconfig"; sourceTree = "<group>"; };
		209D522D0619F61C12070CDC /* Pods-InstagramAppUITests.debug.xcconfig */ = {isa = PBXFileReference; includeInIndex = 1; lastKnownFileType = text.xcconfig; name = "Pods-InstagramAppUITests.debug.xcconfig"; path = "Pods/Target Support Files/Pods-InstagramAppUITests/Pods-InstagramAppUITests.debug.xcconfig"; sourceTree = "<group>"; };
		2725C5884523398BD76ED138 /* Pods-InstagramAppTests.release.xcconfig */ = {isa = PBXFileReference; includeInIndex = 1; lastKnownFileType = text.xcconfig; name = "Pods-InstagramAppTests.release.xcconfig"; path = "Pods/Target Support Files/Pods-InstagramAppTests/Pods-InstagramAppTests.release.xcconfig"; sourceTree = "<group>"; };
		369DAA9C4A837B03D8AF156B /* Pods_InstagramAppUITests.framework */ = {isa = PBXFileReference; explicitFileType = wrapper.framework; includeInIndex = 0; path = Pods_InstagramAppUITests.framework; sourceTree = BUILT_PRODUCTS_DIR; };
		83376ED0AE5E265550C4BE8F /* Pods-InstagramApp.debug.xcconfig */ = {isa = PBXFileReference; includeInIndex = 1; lastKnownFileType = text.xcconfig; name = "Pods-InstagramApp.debug.xcconfig"; path = "Pods/Target Support Files/Pods-InstagramApp/Pods-InstagramApp.debug.xcconfig"; sourceTree = "<group>"; };
		863789D0C1689BC59555EB30 /* Pods_InstagramApp.framework */ = {isa = PBXFileReference; explicitFileType = wrapper.framework; includeInIndex = 0; path = Pods_InstagramApp.framework; sourceTree = BUILT_PRODUCTS_DIR; };
		93ACF81B1E75D44800B901CE /* InstagramApp.app */ = {isa = PBXFileReference; explicitFileType = wrapper.application; includeInIndex = 0; path = InstagramApp.app; sourceTree = BUILT_PRODUCTS_DIR; };
		93ACF81E1E75D44800B901CE /* AppDelegate.swift */ = {isa = PBXFileReference; lastKnownFileType = sourcecode.swift; path = AppDelegate.swift; sourceTree = "<group>"; };
		93ACF8251E75D44800B901CE /* Base */ = {isa = PBXFileReference; lastKnownFileType = file.storyboard; name = Base; path = Base.lproj/Main.storyboard; sourceTree = "<group>"; };
		93ACF8271E75D44800B901CE /* Assets.xcassets */ = {isa = PBXFileReference; lastKnownFileType = folder.assetcatalog; path = Assets.xcassets; sourceTree = "<group>"; };
		93ACF82A1E75D44800B901CE /* Base */ = {isa = PBXFileReference; lastKnownFileType = file.storyboard; name = Base; path = Base.lproj/LaunchScreen.storyboard; sourceTree = "<group>"; };
		93ACF82C1E75D44800B901CE /* Info.plist */ = {isa = PBXFileReference; lastKnownFileType = text.plist.xml; path = Info.plist; sourceTree = "<group>"; };
		93ACF8311E75D44800B901CE /* InstagramAppTests.xctest */ = {isa = PBXFileReference; explicitFileType = wrapper.cfbundle; includeInIndex = 0; path = InstagramAppTests.xctest; sourceTree = BUILT_PRODUCTS_DIR; };
		93ACF8351E75D44800B901CE /* InstagramAppTests.swift */ = {isa = PBXFileReference; lastKnownFileType = sourcecode.swift; path = InstagramAppTests.swift; sourceTree = "<group>"; };
		93ACF8371E75D44800B901CE /* Info.plist */ = {isa = PBXFileReference; lastKnownFileType = text.plist.xml; path = Info.plist; sourceTree = "<group>"; };
		93ACF83C1E75D44800B901CE /* InstagramAppUITests.xctest */ = {isa = PBXFileReference; explicitFileType = wrapper.cfbundle; includeInIndex = 0; path = InstagramAppUITests.xctest; sourceTree = BUILT_PRODUCTS_DIR; };
		93ACF8401E75D44800B901CE /* InstagramAppUITests.swift */ = {isa = PBXFileReference; lastKnownFileType = sourcecode.swift; path = InstagramAppUITests.swift; sourceTree = "<group>"; };
		93ACF8421E75D44800B901CE /* Info.plist */ = {isa = PBXFileReference; lastKnownFileType = text.plist.xml; path = Info.plist; sourceTree = "<group>"; };
		93ACF84F1E75D90600B901CE /* LoginViewController.swift */ = {isa = PBXFileReference; fileEncoding = 4; lastKnownFileType = sourcecode.swift; path = LoginViewController.swift; sourceTree = "<group>"; };
		93ACF8511E75DC8400B901CE /* HomeViewController.swift */ = {isa = PBXFileReference; fileEncoding = 4; lastKnownFileType = sourcecode.swift; path = HomeViewController.swift; sourceTree = "<group>"; };
		93ACF8531E75DC9000B901CE /* CaptureViewController.swift */ = {isa = PBXFileReference; fileEncoding = 4; lastKnownFileType = sourcecode.swift; path = CaptureViewController.swift; sourceTree = "<group>"; };
		93ACF8551E75DC9F00B901CE /* ProfileViewController.swift */ = {isa = PBXFileReference; fileEncoding = 4; lastKnownFileType = sourcecode.swift; path = ProfileViewController.swift; sourceTree = "<group>"; };
		93ACF8571E75E23400B901CE /* UserPost.swift */ = {isa = PBXFileReference; fileEncoding = 4; lastKnownFileType = sourcecode.swift; path = UserPost.swift; sourceTree = "<group>"; };
		93ACF8591E75E96800B901CE /* PhotoCell.swift */ = {isa = PBXFileReference; fileEncoding = 4; lastKnownFileType = sourcecode.swift; path = PhotoCell.swift; sourceTree = "<group>"; };
		D9DD82D05C369B21FE143277 /* Pods-InstagramAppUITests.release.xcconfig */ = {isa = PBXFileReference; includeInIndex = 1; lastKnownFileType = text.xcconfig; name = "Pods-InstagramAppUITests.release.xcconfig"; path = "Pods/Target Support Files/Pods-InstagramAppUITests/Pods-InstagramAppUITests.release.xcconfig"; sourceTree = "<group>"; };
		DE3FAE3A3CC06CDD19AA9482 /* Pods-InstagramAppTests.debug.xcconfig */ = {isa = PBXFileReference; includeInIndex = 1; lastKnownFileType = text.xcconfig; name = "Pods-InstagramAppTests.debug.xcconfig"; path = "Pods/Target Support Files/Pods-InstagramAppTests/Pods-InstagramAppTests.debug.xcconfig"; sourceTree = "<group>"; };
		FC1AB3E22FBC3BAC19265866 /* Pods_InstagramAppTests.framework */ = {isa = PBXFileReference; explicitFileType = wrapper.framework; includeInIndex = 0; path = Pods_InstagramAppTests.framework; sourceTree = BUILT_PRODUCTS_DIR; };
/* End PBXFileReference section */

/* Begin PBXFrameworksBuildPhase section */
		93ACF8181E75D44800B901CE /* Frameworks */ = {
			isa = PBXFrameworksBuildPhase;
			buildActionMask = 2147483647;
			files = (
				454D979A779C12F462571951 /* Pods_InstagramApp.framework in Frameworks */,
			);
			runOnlyForDeploymentPostprocessing = 0;
		};
		93ACF82E1E75D44800B901CE /* Frameworks */ = {
			isa = PBXFrameworksBuildPhase;
			buildActionMask = 2147483647;
			files = (
				AECC70B0558213FA4D3CEACC /* Pods_InstagramAppTests.framework in Frameworks */,
			);
			runOnlyForDeploymentPostprocessing = 0;
		};
		93ACF8391E75D44800B901CE /* Frameworks */ = {
			isa = PBXFrameworksBuildPhase;
			buildActionMask = 2147483647;
			files = (
				E2275118914EE499A4394137 /* Pods_InstagramAppUITests.framework in Frameworks */,
			);
			runOnlyForDeploymentPostprocessing = 0;
		};
/* End PBXFrameworksBuildPhase section */

/* Begin PBXGroup section */
		223508D8EFDFE003DEF37AC7 /* Pods */ = {
			isa = PBXGroup;
			children = (
				83376ED0AE5E265550C4BE8F /* Pods-InstagramApp.debug.xcconfig */,
				060AAB4723B3F48326F15370 /* Pods-InstagramApp.release.xcconfig */,
				DE3FAE3A3CC06CDD19AA9482 /* Pods-InstagramAppTests.debug.xcconfig */,
				2725C5884523398BD76ED138 /* Pods-InstagramAppTests.release.xcconfig */,
				209D522D0619F61C12070CDC /* Pods-InstagramAppUITests.debug.xcconfig */,
				D9DD82D05C369B21FE143277 /* Pods-InstagramAppUITests.release.xcconfig */,
			);
			name = Pods;
			sourceTree = "<group>";
		};
		93ACF8121E75D44800B901CE = {
			isa = PBXGroup;
			children = (
				93ACF81D1E75D44800B901CE /* InstagramApp */,
				93ACF8341E75D44800B901CE /* InstagramAppTests */,
				93ACF83F1E75D44800B901CE /* InstagramAppUITests */,
				93ACF81C1E75D44800B901CE /* Products */,
				223508D8EFDFE003DEF37AC7 /* Pods */,
				B5284B2D1AADA8C7C732B71E /* Frameworks */,
			);
			sourceTree = "<group>";
		};
		93ACF81C1E75D44800B901CE /* Products */ = {
			isa = PBXGroup;
			children = (
				93ACF81B1E75D44800B901CE /* InstagramApp.app */,
				93ACF8311E75D44800B901CE /* InstagramAppTests.xctest */,
				93ACF83C1E75D44800B901CE /* InstagramAppUITests.xctest */,
			);
			name = Products;
			sourceTree = "<group>";
		};
		93ACF81D1E75D44800B901CE /* InstagramApp */ = {
			isa = PBXGroup;
			children = (
				93ACF84E1E75D8F300B901CE /* View Controller */,
				93ACF81E1E75D44800B901CE /* AppDelegate.swift */,
				93ACF8241E75D44800B901CE /* Main.storyboard */,
				93ACF8271E75D44800B901CE /* Assets.xcassets */,
				93ACF8291E75D44800B901CE /* LaunchScreen.storyboard */,
				93ACF82C1E75D44800B901CE /* Info.plist */,
				93ACF8571E75E23400B901CE /* UserPost.swift */,
				93ACF8591E75E96800B901CE /* PhotoCell.swift */,
			);
			path = InstagramApp;
			sourceTree = "<group>";
		};
		93ACF8341E75D44800B901CE /* InstagramAppTests */ = {
			isa = PBXGroup;
			children = (
				93ACF8351E75D44800B901CE /* InstagramAppTests.swift */,
				93ACF8371E75D44800B901CE /* Info.plist */,
			);
			path = InstagramAppTests;
			sourceTree = "<group>";
		};
		93ACF83F1E75D44800B901CE /* InstagramAppUITests */ = {
			isa = PBXGroup;
			children = (
				93ACF8401E75D44800B901CE /* InstagramAppUITests.swift */,
				93ACF8421E75D44800B901CE /* Info.plist */,
			);
			path = InstagramAppUITests;
			sourceTree = "<group>";
		};
		93ACF84E1E75D8F300B901CE /* View Controller */ = {
			isa = PBXGroup;
			children = (
				93ACF84F1E75D90600B901CE /* LoginViewController.swift */,
				93ACF8511E75DC8400B901CE /* HomeViewController.swift */,
				93ACF8531E75DC9000B901CE /* CaptureViewController.swift */,
				93ACF8551E75DC9F00B901CE /* ProfileViewController.swift */,
			);
			name = "View Controller";
			sourceTree = "<group>";
		};
		B5284B2D1AADA8C7C732B71E /* Frameworks */ = {
			isa = PBXGroup;
			children = (
				863789D0C1689BC59555EB30 /* Pods_InstagramApp.framework */,
				FC1AB3E22FBC3BAC19265866 /* Pods_InstagramAppTests.framework */,
				369DAA9C4A837B03D8AF156B /* Pods_InstagramAppUITests.framework */,
			);
			name = Frameworks;
			sourceTree = "<group>";
		};
/* End PBXGroup section */

/* Begin PBXNativeTarget section */
		93ACF81A1E75D44800B901CE /* InstagramApp */ = {
			isa = PBXNativeTarget;
			buildConfigurationList = 93ACF8451E75D44800B901CE /* Build configuration list for PBXNativeTarget "InstagramApp" */;
			buildPhases = (
				0597EBC6C6DBCC39373597F3 /* [CP] Check Pods Manifest.lock */,
				93ACF8171E75D44800B901CE /* Sources */,
				93ACF8181E75D44800B901CE /* Frameworks */,
				93ACF8191E75D44800B901CE /* Resources */,
				56E1CA42665FA67AD0568D86 /* [CP] Embed Pods Frameworks */,
				64C5211AB6F9B0969AFE8D62 /* [CP] Copy Pods Resources */,
			);
			buildRules = (
			);
			dependencies = (
			);
			name = InstagramApp;
			productName = InstagramApp;
			productReference = 93ACF81B1E75D44800B901CE /* InstagramApp.app */;
			productType = "com.apple.product-type.application";
		};
		93ACF8301E75D44800B901CE /* InstagramAppTests */ = {
			isa = PBXNativeTarget;
			buildConfigurationList = 93ACF8481E75D44800B901CE /* Build configuration list for PBXNativeTarget "InstagramAppTests" */;
			buildPhases = (
				44379A2D2BED8A47302E8EBE /* [CP] Check Pods Manifest.lock */,
				93ACF82D1E75D44800B901CE /* Sources */,
				93ACF82E1E75D44800B901CE /* Frameworks */,
				93ACF82F1E75D44800B901CE /* Resources */,
				15D3ACC5D7E9B4E2F408E0D1 /* [CP] Embed Pods Frameworks */,
				3AF9186CA97F6F4A059E6B26 /* [CP] Copy Pods Resources */,
			);
			buildRules = (
			);
			dependencies = (
				93ACF8331E75D44800B901CE /* PBXTargetDependency */,
			);
			name = InstagramAppTests;
			productName = InstagramAppTests;
			productReference = 93ACF8311E75D44800B901CE /* InstagramAppTests.xctest */;
			productType = "com.apple.product-type.bundle.unit-test";
		};
		93ACF83B1E75D44800B901CE /* InstagramAppUITests */ = {
			isa = PBXNativeTarget;
			buildConfigurationList = 93ACF84B1E75D44800B901CE /* Build configuration list for PBXNativeTarget "InstagramAppUITests" */;
			buildPhases = (
				A17C41AAFCDF93B79F89086D /* [CP] Check Pods Manifest.lock */,
				93ACF8381E75D44800B901CE /* Sources */,
				93ACF8391E75D44800B901CE /* Frameworks */,
				93ACF83A1E75D44800B901CE /* Resources */,
				E9949F00209BB580D335ABDD /* [CP] Embed Pods Frameworks */,
				5108D7E57CD19F44F0921503 /* [CP] Copy Pods Resources */,
			);
			buildRules = (
			);
			dependencies = (
				93ACF83E1E75D44800B901CE /* PBXTargetDependency */,
			);
			name = InstagramAppUITests;
			productName = InstagramAppUITests;
			productReference = 93ACF83C1E75D44800B901CE /* InstagramAppUITests.xctest */;
			productType = "com.apple.product-type.bundle.ui-testing";
		};
/* End PBXNativeTarget section */

/* Begin PBXProject section */
		93ACF8131E75D44800B901CE /* Project object */ = {
			isa = PBXProject;
			attributes = {
				LastSwiftUpdateCheck = 0820;
				LastUpgradeCheck = 0820;
				ORGANIZATIONNAME = com.codepath;
				TargetAttributes = {
					93ACF81A1E75D44800B901CE = {
						CreatedOnToolsVersion = 8.2.1;
						DevelopmentTeam = T745792JPE;
						ProvisioningStyle = Automatic;
					};
					93ACF8301E75D44800B901CE = {
						CreatedOnToolsVersion = 8.2.1;
						DevelopmentTeam = T745792JPE;
						ProvisioningStyle = Automatic;
						TestTargetID = 93ACF81A1E75D44800B901CE;
					};
					93ACF83B1E75D44800B901CE = {
						CreatedOnToolsVersion = 8.2.1;
						DevelopmentTeam = T745792JPE;
						ProvisioningStyle = Automatic;
						TestTargetID = 93ACF81A1E75D44800B901CE;
					};
				};
			};
			buildConfigurationList = 93ACF8161E75D44800B901CE /* Build configuration list for PBXProject "InstagramApp" */;
			compatibilityVersion = "Xcode 3.2";
			developmentRegion = English;
			hasScannedForEncodings = 0;
			knownRegions = (
				en,
				Base,
			);
			mainGroup = 93ACF8121E75D44800B901CE;
			productRefGroup = 93ACF81C1E75D44800B901CE /* Products */;
			projectDirPath = "";
			projectRoot = "";
			targets = (
				93ACF81A1E75D44800B901CE /* InstagramApp */,
				93ACF8301E75D44800B901CE /* InstagramAppTests */,
				93ACF83B1E75D44800B901CE /* InstagramAppUITests */,
			);
		};
/* End PBXProject section */

/* Begin PBXResourcesBuildPhase section */
		93ACF8191E75D44800B901CE /* Resources */ = {
			isa = PBXResourcesBuildPhase;
			buildActionMask = 2147483647;
			files = (
				93ACF82B1E75D44800B901CE /* LaunchScreen.storyboard in Resources */,
				93ACF8281E75D44800B901CE /* Assets.xcassets in Resources */,
				93ACF8261E75D44800B901CE /* Main.storyboard in Resources */,
			);
			runOnlyForDeploymentPostprocessing = 0;
		};
		93ACF82F1E75D44800B901CE /* Resources */ = {
			isa = PBXResourcesBuildPhase;
			buildActionMask = 2147483647;
			files = (
			);
			runOnlyForDeploymentPostprocessing = 0;
		};
		93ACF83A1E75D44800B901CE /* Resources */ = {
			isa = PBXResourcesBuildPhase;
			buildActionMask = 2147483647;
			files = (
			);
			runOnlyForDeploymentPostprocessing = 0;
		};
/* End PBXResourcesBuildPhase section */

/* Begin PBXShellScriptBuildPhase section */
		0597EBC6C6DBCC39373597F3 /* [CP] Check Pods Manifest.lock */ = {
			isa = PBXShellScriptBuildPhase;
			buildActionMask = 2147483647;
			files = (
			);
			inputPaths = (
			);
			name = "[CP] Check Pods Manifest.lock";
			outputPaths = (
			);
			runOnlyForDeploymentPostprocessing = 0;
			shellPath = /bin/sh;
			shellScript = "diff \"${PODS_ROOT}/../Podfile.lock\" \"${PODS_ROOT}/Manifest.lock\" > /dev/null\nif [ $? != 0 ] ; then\n    # print error to STDERR\n    echo \"error: The sandbox is not in sync with the Podfile.lock. Run 'pod install' or update your CocoaPods installation.\" >&2\n    exit 1\nfi\n";
			showEnvVarsInLog = 0;
		};
		15D3ACC5D7E9B4E2F408E0D1 /* [CP] Embed Pods Frameworks */ = {
			isa = PBXShellScriptBuildPhase;
			buildActionMask = 2147483647;
			files = (
			);
			inputPaths = (
			);
			name = "[CP] Embed Pods Frameworks";
			outputPaths = (
			);
			runOnlyForDeploymentPostprocessing = 0;
			shellPath = /bin/sh;
			shellScript = "\"${SRCROOT}/Pods/Target Support Files/Pods-InstagramAppTests/Pods-InstagramAppTests-frameworks.sh\"\n";
			showEnvVarsInLog = 0;
		};
		3AF9186CA97F6F4A059E6B26 /* [CP] Copy Pods Resources */ = {
			isa = PBXShellScriptBuildPhase;
			buildActionMask = 2147483647;
			files = (
			);
			inputPaths = (
			);
			name = "[CP] Copy Pods Resources";
			outputPaths = (
			);
			runOnlyForDeploymentPostprocessing = 0;
			shellPath = /bin/sh;
			shellScript = "\"${SRCROOT}/Pods/Target Support Files/Pods-InstagramAppTests/Pods-InstagramAppTests-resources.sh\"\n";
			showEnvVarsInLog = 0;
		};
		44379A2D2BED8A47302E8EBE /* [CP] Check Pods Manifest.lock */ = {
			isa = PBXShellScriptBuildPhase;
			buildActionMask = 2147483647;
			files = (
			);
			inputPaths = (
			);
			name = "[CP] Check Pods Manifest.lock";
			outputPaths = (
			);
			runOnlyForDeploymentPostprocessing = 0;
			shellPath = /bin/sh;
			shellScript = "diff \"${PODS_ROOT}/../Podfile.lock\" \"${PODS_ROOT}/Manifest.lock\" > /dev/null\nif [ $? != 0 ] ; then\n    # print error to STDERR\n    echo \"error: The sandbox is not in sync with the Podfile.lock. Run 'pod install' or update your CocoaPods installation.\" >&2\n    exit 1\nfi\n";
			showEnvVarsInLog = 0;
		};
		5108D7E57CD19F44F0921503 /* [CP] Copy Pods Resources */ = {
			isa = PBXShellScriptBuildPhase;
			buildActionMask = 2147483647;
			files = (
			);
			inputPaths = (
			);
			name = "[CP] Copy Pods Resources";
			outputPaths = (
			);
			runOnlyForDeploymentPostprocessing = 0;
			shellPath = /bin/sh;
			shellScript = "\"${SRCROOT}/Pods/Target Support Files/Pods-InstagramAppUITests/Pods-InstagramAppUITests-resources.sh\"\n";
			showEnvVarsInLog = 0;
		};
		56E1CA42665FA67AD0568D86 /* [CP] Embed Pods Frameworks */ = {
			isa = PBXShellScriptBuildPhase;
			buildActionMask = 2147483647;
			files = (
			);
			inputPaths = (
			);
			name = "[CP] Embed Pods Frameworks";
			outputPaths = (
			);
			runOnlyForDeploymentPostprocessing = 0;
			shellPath = /bin/sh;
			shellScript = "\"${SRCROOT}/Pods/Target Support Files/Pods-InstagramApp/Pods-InstagramApp-frameworks.sh\"\n";
			showEnvVarsInLog = 0;
		};
		64C5211AB6F9B0969AFE8D62 /* [CP] Copy Pods Resources */ = {
			isa = PBXShellScriptBuildPhase;
			buildActionMask = 2147483647;
			files = (
			);
			inputPaths = (
			);
			name = "[CP] Copy Pods Resources";
			outputPaths = (
			);
			runOnlyForDeploymentPostprocessing = 0;
			shellPath = /bin/sh;
			shellScript = "\"${SRCROOT}/Pods/Target Support Files/Pods-InstagramApp/Pods-InstagramApp-resources.sh\"\n";
			showEnvVarsInLog = 0;
		};
		A17C41AAFCDF93B79F89086D /* [CP] Check Pods Manifest.lock */ = {
			isa = PBXShellScriptBuildPhase;
			buildActionMask = 2147483647;
			files = (
			);
			inputPaths = (
			);
			name = "[CP] Check Pods Manifest.lock";
			outputPaths = (
			);
			runOnlyForDeploymentPostprocessing = 0;
			shellPath = /bin/sh;
			shellScript = "diff \"${PODS_ROOT}/../Podfile.lock\" \"${PODS_ROOT}/Manifest.lock\" > /dev/null\nif [ $? != 0 ] ; then\n    # print error to STDERR\n    echo \"error: The sandbox is not in sync with the Podfile.lock. Run 'pod install' or update your CocoaPods installation.\" >&2\n    exit 1\nfi\n";
			showEnvVarsInLog = 0;
		};
		E9949F00209BB580D335ABDD /* [CP] Embed Pods Frameworks */ = {
			isa = PBXShellScriptBuildPhase;
			buildActionMask = 2147483647;
			files = (
			);
			inputPaths = (
			);
			name = "[CP] Embed Pods Frameworks";
			outputPaths = (
			);
			runOnlyForDeploymentPostprocessing = 0;
			shellPath = /bin/sh;
			shellScript = "\"${SRCROOT}/Pods/Target Support Files/Pods-InstagramAppUITests/Pods-InstagramAppUITests-frameworks.sh\"\n";
			showEnvVarsInLog = 0;
		};
/* End PBXShellScriptBuildPhase section */

/* Begin PBXSourcesBuildPhase section */
		93ACF8171E75D44800B901CE /* Sources */ = {
			isa = PBXSourcesBuildPhase;
			buildActionMask = 2147483647;
			files = (
				93ACF85A1E75E96800B901CE /* PhotoCell.swift in Sources */,
				93ACF8501E75D90600B901CE /* LoginViewController.swift in Sources */,
				93ACF8541E75DC9000B901CE /* CaptureViewController.swift in Sources */,
				93ACF8581E75E23400B901CE /* UserPost.swift in Sources */,
				93ACF8561E75DC9F00B901CE /* ProfileViewController.swift in Sources */,
				93ACF81F1E75D44800B901CE /* AppDelegate.swift in Sources */,
				93ACF8521E75DC8400B901CE /* HomeViewController.swift in Sources */,
			);
			runOnlyForDeploymentPostprocessing = 0;
		};
		93ACF82D1E75D44800B901CE /* Sources */ = {
			isa = PBXSourcesBuildPhase;
			buildActionMask = 2147483647;
			files = (
				93ACF8361E75D44800B901CE /* InstagramAppTests.swift in Sources */,
			);
			runOnlyForDeploymentPostprocessing = 0;
		};
		93ACF8381E75D44800B901CE /* Sources */ = {
			isa = PBXSourcesBuildPhase;
			buildActionMask = 2147483647;
			files = (
				93ACF8411E75D44800B901CE /* InstagramAppUITests.swift in Sources */,
			);
			runOnlyForDeploymentPostprocessing = 0;
		};
/* End PBXSourcesBuildPhase section */

/* Begin PBXTargetDependency section */
		93ACF8331E75D44800B901CE /* PBXTargetDependency */ = {
			isa = PBXTargetDependency;
			target = 93ACF81A1E75D44800B901CE /* InstagramApp */;
			targetProxy = 93ACF8321E75D44800B901CE /* PBXContainerItemProxy */;
		};
		93ACF83E1E75D44800B901CE /* PBXTargetDependency */ = {
			isa = PBXTargetDependency;
			target = 93ACF81A1E75D44800B901CE /* InstagramApp */;
			targetProxy = 93ACF83D1E75D44800B901CE /* PBXContainerItemProxy */;
		};
/* End PBXTargetDependency section */

/* Begin PBXVariantGroup section */
		93ACF8241E75D44800B901CE /* Main.storyboard */ = {
			isa = PBXVariantGroup;
			children = (
				93ACF8251E75D44800B901CE /* Base */,
			);
			name = Main.storyboard;
			sourceTree = "<group>";
		};
		93ACF8291E75D44800B901CE /* LaunchScreen.storyboard */ = {
			isa = PBXVariantGroup;
			children = (
				93ACF82A1E75D44800B901CE /* Base */,
			);
			name = LaunchScreen.storyboard;
			sourceTree = "<group>";
		};
/* End PBXVariantGroup section */

/* Begin XCBuildConfiguration section */
		93ACF8431E75D44800B901CE /* Debug */ = {
			isa = XCBuildConfiguration;
			buildSettings = {
				ALWAYS_SEARCH_USER_PATHS = NO;
				CLANG_ANALYZER_NONNULL = YES;
				CLANG_CXX_LANGUAGE_STANDARD = "gnu++0x";
				CLANG_CXX_LIBRARY = "libc++";
				CLANG_ENABLE_MODULES = YES;
				CLANG_ENABLE_OBJC_ARC = YES;
				CLANG_WARN_BOOL_CONVERSION = YES;
				CLANG_WARN_CONSTANT_CONVERSION = YES;
				CLANG_WARN_DIRECT_OBJC_ISA_USAGE = YES_ERROR;
				CLANG_WARN_DOCUMENTATION_COMMENTS = YES;
				CLANG_WARN_EMPTY_BODY = YES;
				CLANG_WARN_ENUM_CONVERSION = YES;
				CLANG_WARN_INFINITE_RECURSION = YES;
				CLANG_WARN_INT_CONVERSION = YES;
				CLANG_WARN_OBJC_ROOT_CLASS = YES_ERROR;
				CLANG_WARN_SUSPICIOUS_MOVE = YES;
				CLANG_WARN_UNREACHABLE_CODE = YES;
				CLANG_WARN__DUPLICATE_METHOD_MATCH = YES;
				"CODE_SIGN_IDENTITY[sdk=iphoneos*]" = "iPhone Developer";
				COPY_PHASE_STRIP = NO;
				DEBUG_INFORMATION_FORMAT = dwarf;
				ENABLE_STRICT_OBJC_MSGSEND = YES;
				ENABLE_TESTABILITY = YES;
				GCC_C_LANGUAGE_STANDARD = gnu99;
				GCC_DYNAMIC_NO_PIC = NO;
				GCC_NO_COMMON_BLOCKS = YES;
				GCC_OPTIMIZATION_LEVEL = 0;
				GCC_PREPROCESSOR_DEFINITIONS = (
					"DEBUG=1",
					"$(inherited)",
				);
				GCC_WARN_64_TO_32_BIT_CONVERSION = YES;
				GCC_WARN_ABOUT_RETURN_TYPE = YES_ERROR;
				GCC_WARN_UNDECLARED_SELECTOR = YES;
				GCC_WARN_UNINITIALIZED_AUTOS = YES_AGGRESSIVE;
				GCC_WARN_UNUSED_FUNCTION = YES;
				GCC_WARN_UNUSED_VARIABLE = YES;
				IPHONEOS_DEPLOYMENT_TARGET = 10.2;
				MTL_ENABLE_DEBUG_INFO = YES;
				ONLY_ACTIVE_ARCH = YES;
				SDKROOT = iphoneos;
				SWIFT_ACTIVE_COMPILATION_CONDITIONS = DEBUG;
				SWIFT_OPTIMIZATION_LEVEL = "-Onone";
			};
			name = Debug;
		};
		93ACF8441E75D44800B901CE /* Release */ = {
			isa = XCBuildConfiguration;
			buildSettings = {
				ALWAYS_SEARCH_USER_PATHS = NO;
				CLANG_ANALYZER_NONNULL = YES;
				CLANG_CXX_LANGUAGE_STANDARD = "gnu++0x";
				CLANG_CXX_LIBRARY = "libc++";
				CLANG_ENABLE_MODULES = YES;
				CLANG_ENABLE_OBJC_ARC = YES;
				CLANG_WARN_BOOL_CONVERSION = YES;
				CLANG_WARN_CONSTANT_CONVERSION = YES;
				CLANG_WARN_DIRECT_OBJC_ISA_USAGE = YES_ERROR;
				CLANG_WARN_DOCUMENTATION_COMMENTS = YES;
				CLANG_WARN_EMPTY_BODY = YES;
				CLANG_WARN_ENUM_CONVERSION = YES;
				CLANG_WARN_INFINITE_RECURSION = YES;
				CLANG_WARN_INT_CONVERSION = YES;
				CLANG_WARN_OBJC_ROOT_CLASS = YES_ERROR;
				CLANG_WARN_SUSPICIOUS_MOVE = YES;
				CLANG_WARN_UNREACHABLE_CODE = YES;
				CLANG_WARN__DUPLICATE_METHOD_MATCH = YES;
				"CODE_SIGN_IDENTITY[sdk=iphoneos*]" = "iPhone Developer";
				COPY_PHASE_STRIP = NO;
				DEBUG_INFORMATION_FORMAT = "dwarf-with-dsym";
				ENABLE_NS_ASSERTIONS = NO;
				ENABLE_STRICT_OBJC_MSGSEND = YES;
				GCC_C_LANGUAGE_STANDARD = gnu99;
				GCC_NO_COMMON_BLOCKS = YES;
				GCC_WARN_64_TO_32_BIT_CONVERSION = YES;
				GCC_WARN_ABOUT_RETURN_TYPE = YES_ERROR;
				GCC_WARN_UNDECLARED_SELECTOR = YES;
				GCC_WARN_UNINITIALIZED_AUTOS = YES_AGGRESSIVE;
				GCC_WARN_UNUSED_FUNCTION = YES;
				GCC_WARN_UNUSED_VARIABLE = YES;
				IPHONEOS_DEPLOYMENT_TARGET = 10.2;
				MTL_ENABLE_DEBUG_INFO = NO;
				SDKROOT = iphoneos;
				SWIFT_OPTIMIZATION_LEVEL = "-Owholemodule";
				VALIDATE_PRODUCT = YES;
			};
			name = Release;
		};
		93ACF8461E75D44800B901CE /* Debug */ = {
			isa = XCBuildConfiguration;
			baseConfigurationReference = 83376ED0AE5E265550C4BE8F /* Pods-InstagramApp.debug.xcconfig */;
			buildSettings = {
				ASSETCATALOG_COMPILER_APPICON_NAME = AppIcon;
				DEVELOPMENT_TEAM = T745792JPE;
				INFOPLIST_FILE = InstagramApp/Info.plist;
				LD_RUNPATH_SEARCH_PATHS = "$(inherited) @executable_path/Frameworks";
				PRODUCT_BUNDLE_IDENTIFIER = com.codepath.InstagramApp;
				PRODUCT_NAME = "$(TARGET_NAME)";
				SWIFT_VERSION = 3.0;
			};
			name = Debug;
		};
		93ACF8471E75D44800B901CE /* Release */ = {
			isa = XCBuildConfiguration;
			baseConfigurationReference = 060AAB4723B3F48326F15370 /* Pods-InstagramApp.release.xcconfig */;
			buildSettings = {
				ASSETCATALOG_COMPILER_APPICON_NAME = AppIcon;
				DEVELOPMENT_TEAM = T745792JPE;
				INFOPLIST_FILE = InstagramApp/Info.plist;
				LD_RUNPATH_SEARCH_PATHS = "$(inherited) @executable_path/Frameworks";
				PRODUCT_BUNDLE_IDENTIFIER = com.codepath.InstagramApp;
				PRODUCT_NAME = "$(TARGET_NAME)";
				SWIFT_VERSION = 3.0;
			};
			name = Release;
		};
		93ACF8491E75D44800B901CE /* Debug */ = {
			isa = XCBuildConfiguration;
			baseConfigurationReference = DE3FAE3A3CC06CDD19AA9482 /* Pods-InstagramAppTests.debug.xcconfig */;
			buildSettings = {
				ALWAYS_EMBED_SWIFT_STANDARD_LIBRARIES = YES;
				BUNDLE_LOADER = "$(TEST_HOST)";
				DEVELOPMENT_TEAM = T745792JPE;
				INFOPLIST_FILE = InstagramAppTests/Info.plist;
				LD_RUNPATH_SEARCH_PATHS = "$(inherited) @executable_path/Frameworks @loader_path/Frameworks";
				PRODUCT_BUNDLE_IDENTIFIER = com.codepath.InstagramAppTests;
				PRODUCT_NAME = "$(TARGET_NAME)";
				SWIFT_VERSION = 3.0;
				TEST_HOST = "$(BUILT_PRODUCTS_DIR)/InstagramApp.app/InstagramApp";
			};
			name = Debug;
		};
		93ACF84A1E75D44800B901CE /* Release */ = {
			isa = XCBuildConfiguration;
			baseConfigurationReference = 2725C5884523398BD76ED138 /* Pods-InstagramAppTests.release.xcconfig */;
			buildSettings = {
				ALWAYS_EMBED_SWIFT_STANDARD_LIBRARIES = YES;
				BUNDLE_LOADER = "$(TEST_HOST)";
				DEVELOPMENT_TEAM = T745792JPE;
				INFOPLIST_FILE = InstagramAppTests/Info.plist;
				LD_RUNPATH_SEARCH_PATHS = "$(inherited) @executable_path/Frameworks @loader_path/Frameworks";
				PRODUCT_BUNDLE_IDENTIFIER = com.codepath.InstagramAppTests;
				PRODUCT_NAME = "$(TARGET_NAME)";
				SWIFT_VERSION = 3.0;
				TEST_HOST = "$(BUILT_PRODUCTS_DIR)/InstagramApp.app/InstagramApp";
			};
			name = Release;
		};
		93ACF84C1E75D44800B901CE /* Debug */ = {
			isa = XCBuildConfiguration;
			baseConfigurationReference = 209D522D0619F61C12070CDC /* Pods-InstagramAppUITests.debug.xcconfig */;
			buildSettings = {
				ALWAYS_EMBED_SWIFT_STANDARD_LIBRARIES = YES;
				DEVELOPMENT_TEAM = T745792JPE;
				INFOPLIST_FILE = InstagramAppUITests/Info.plist;
				LD_RUNPATH_SEARCH_PATHS = "$(inherited) @executable_path/Frameworks @loader_path/Frameworks";
				PRODUCT_BUNDLE_IDENTIFIER = com.codepath.InstagramAppUITests;
				PRODUCT_NAME = "$(TARGET_NAME)";
				SWIFT_VERSION = 3.0;
				TEST_TARGET_NAME = InstagramApp;
			};
			name = Debug;
		};
		93ACF84D1E75D44800B901CE /* Release */ = {
			isa = XCBuildConfiguration;
			baseConfigurationReference = D9DD82D05C369B21FE143277 /* Pods-InstagramAppUITests.release.xcconfig */;
			buildSettings = {
				ALWAYS_EMBED_SWIFT_STANDARD_LIBRARIES = YES;
				DEVELOPMENT_TEAM = T745792JPE;
				INFOPLIST_FILE = InstagramAppUITests/Info.plist;
				LD_RUNPATH_SEARCH_PATHS = "$(inherited) @executable_path/Frameworks @loader_path/Frameworks";
				PRODUCT_BUNDLE_IDENTIFIER = com.codepath.InstagramAppUITests;
				PRODUCT_NAME = "$(TARGET_NAME)";
				SWIFT_VERSION = 3.0;
				TEST_TARGET_NAME = InstagramApp;
			};
			name = Release;
		};
/* End XCBuildConfiguration section */

/* Begin XCConfigurationList section */
		93ACF8161E75D44800B901CE /* Build configuration list for PBXProject "InstagramApp" */ = {
			isa = XCConfigurationList;
			buildConfigurations = (
				93ACF8431E75D44800B901CE /* Debug */,
				93ACF8441E75D44800B901CE /* Release */,
			);
			defaultConfigurationIsVisible = 0;
			defaultConfigurationName = Release;
		};
		93ACF8451E75D44800B901CE /* Build configuration list for PBXNativeTarget "InstagramApp" */ = {
			isa = XCConfigurationList;
			buildConfigurations = (
				93ACF8461E75D44800B901CE /* Debug */,
				93ACF8471E75D44800B901CE /* Release */,
			);
			defaultConfigurationIsVisible = 0;
			defaultConfigurationName = Release;
		};
		93ACF8481E75D44800B901CE /* Build configuration list for PBXNativeTarget "InstagramAppTests" */ = {
			isa = XCConfigurationList;
			buildConfigurations = (
				93ACF8491E75D44800B901CE /* Debug */,
				93ACF84A1E75D44800B901CE /* Release */,
			);
			defaultConfigurationIsVisible = 0;
			defaultConfigurationName = Release;
		};
		93ACF84B1E75D44800B901CE /* Build configuration list for PBXNativeTarget "InstagramAppUITests" */ = {
			isa = XCConfigurationList;
			buildConfigurations = (
				93ACF84C1E75D44800B901CE /* Debug */,
				93ACF84D1E75D44800B901CE /* Release */,
			);
			defaultConfigurationIsVisible = 0;
			defaultConfigurationName = Release;
		};
/* End XCConfigurationList section */
	};
	rootObject = 93ACF8131E75D44800B901CE /* Project object */;
}
